
Microsoft Visual Studio Solution File, Format Version 12.00
# Visual Studio 14
VisualStudioVersion = 14.0.25420.1
MinimumVisualStudioVersion = 10.0.40219.1
Project("{FAE04EC0-301F-11D3-BF4B-00C04F79EFBC}") = "App1", "App1\App1\App1.csproj", "{5DE4CEAE-021B-4ED4-BD08-37386DF073BD}"
EndProject
Project("{FAE04EC0-301F-11D3-BF4B-00C04F79EFBC}") = "App1.Droid", "App1\App1.Droid\App1.Droid.csproj", "{56AE8BC5-E075-4322-99DC-CAF4E9CC64FE}"
EndProject
Project("{FAE04EC0-301F-11D3-BF4B-00C04F79EFBC}") = "App1.iOS", "App1\App1.iOS\App1.iOS.csproj", "{B286A4CD-40C2-4211-BBAC-165CE47724E7}"
EndProject
Project("{FAE04EC0-301F-11D3-BF4B-00C04F79EFBC}") = "App1.WinPhone", "App1\App1.WinPhone\App1.WinPhone.csproj", "{92F0D62F-3EAF-46D4-B4D0-455DE236A23F}"
EndProject
Project("{FAE04EC0-301F-11D3-BF4B-00C04F79EFBC}") = "App1.UWP", "App1\App1.UWP\App1.UWP.csproj", "{3115B7AA-7E74-4016-B3C5-ECB0925B6DCD}"
EndProject
Project("{FAE04EC0-301F-11D3-BF4B-00C04F79EFBC}") = "App1.Windows", "App1\App1.Windows\App1.Windows.csproj", "{755BF697-AC13-4D64-94EB-F3010BDCA711}"
EndProject
Global
	GlobalSection(SolutionConfigurationPlatforms) = preSolution
		Ad-Hoc|Any CPU = Ad-Hoc|Any CPU
		Ad-Hoc|ARM = Ad-Hoc|ARM
		Ad-Hoc|iPhone = Ad-Hoc|iPhone
		Ad-Hoc|iPhoneSimulator = Ad-Hoc|iPhoneSimulator
		Ad-Hoc|x64 = Ad-Hoc|x64
		Ad-Hoc|x86 = Ad-Hoc|x86
		AppStore|Any CPU = AppStore|Any CPU
		AppStore|ARM = AppStore|ARM
		AppStore|iPhone = AppStore|iPhone
		AppStore|iPhoneSimulator = AppStore|iPhoneSimulator
		AppStore|x64 = AppStore|x64
		AppStore|x86 = AppStore|x86
		Debug|Any CPU = Debug|Any CPU
		Debug|ARM = Debug|ARM
		Debug|iPhone = Debug|iPhone
		Debug|iPhoneSimulator = Debug|iPhoneSimulator
		Debug|x64 = Debug|x64
		Debug|x86 = Debug|x86
		Release|Any CPU = Release|Any CPU
		Release|ARM = Release|ARM
		Release|iPhone = Release|iPhone
		Release|iPhoneSimulator = Release|iPhoneSimulator
		Release|x64 = Release|x64
		Release|x86 = Release|x86
	EndGlobalSection
	GlobalSection(ProjectConfigurationPlatforms) = postSolution
		{5DE4CEAE-021B-4ED4-BD08-37386DF073BD}.Ad-Hoc|Any CPU.ActiveCfg = Release|Any CPU
		{5DE4CEAE-021B-4ED4-BD08-37386DF073BD}.Ad-Hoc|Any CPU.Build.0 = Release|Any CPU
		{5DE4CEAE-021B-4ED4-BD08-37386DF073BD}.Ad-Hoc|ARM.ActiveCfg = Release|Any CPU
		{5DE4CEAE-021B-4ED4-BD08-37386DF073BD}.Ad-Hoc|ARM.Build.0 = Release|Any CPU
		{5DE4CEAE-021B-4ED4-BD08-37386DF073BD}.Ad-Hoc|iPhone.ActiveCfg = Release|Any CPU
		{5DE4CEAE-021B-4ED4-BD08-37386DF073BD}.Ad-Hoc|iPhone.Build.0 = Release|Any CPU
		{5DE4CEAE-021B-4ED4-BD08-37386DF073BD}.Ad-Hoc|iPhoneSimulator.ActiveCfg = Release|Any CPU
		{5DE4CEAE-021B-4ED4-BD08-37386DF073BD}.Ad-Hoc|iPhoneSimulator.Build.0 = Release|Any CPU
		{5DE4CEAE-021B-4ED4-BD08-37386DF073BD}.Ad-Hoc|x64.ActiveCfg = Release|Any CPU
		{5DE4CEAE-021B-4ED4-BD08-37386DF073BD}.Ad-Hoc|x64.Build.0 = Release|Any CPU
		{5DE4CEAE-021B-4ED4-BD08-37386DF073BD}.Ad-Hoc|x86.ActiveCfg = Release|Any CPU
		{5DE4CEAE-021B-4ED4-BD08-37386DF073BD}.Ad-Hoc|x86.Build.0 = Release|Any CPU
		{5DE4CEAE-021B-4ED4-BD08-37386DF073BD}.AppStore|Any CPU.ActiveCfg = Release|Any CPU
		{5DE4CEAE-021B-4ED4-BD08-37386DF073BD}.AppStore|Any CPU.Build.0 = Release|Any CPU
		{5DE4CEAE-021B-4ED4-BD08-37386DF073BD}.AppStore|ARM.ActiveCfg = Release|Any CPU
		{5DE4CEAE-021B-4ED4-BD08-37386DF073BD}.AppStore|ARM.Build.0 = Release|Any CPU
		{5DE4CEAE-021B-4ED4-BD08-37386DF073BD}.AppStore|iPhone.ActiveCfg = Release|Any CPU
		{5DE4CEAE-021B-4ED4-BD08-37386DF073BD}.AppStore|iPhone.Build.0 = Release|Any CPU
		{5DE4CEAE-021B-4ED4-BD08-37386DF073BD}.AppStore|iPhoneSimulator.ActiveCfg = Release|Any CPU
		{5DE4CEAE-021B-4ED4-BD08-37386DF073BD}.AppStore|iPhoneSimulator.Build.0 = Release|Any CPU
		{5DE4CEAE-021B-4ED4-BD08-37386DF073BD}.AppStore|x64.ActiveCfg = Release|Any CPU
		{5DE4CEAE-021B-4ED4-BD08-37386DF073BD}.AppStore|x64.Build.0 = Release|Any CPU
		{5DE4CEAE-021B-4ED4-BD08-37386DF073BD}.AppStore|x86.ActiveCfg = Release|Any CPU
		{5DE4CEAE-021B-4ED4-BD08-37386DF073BD}.AppStore|x86.Build.0 = Release|Any CPU
		{5DE4CEAE-021B-4ED4-BD08-37386DF073BD}.Debug|Any CPU.ActiveCfg = Debug|Any CPU
		{5DE4CEAE-021B-4ED4-BD08-37386DF073BD}.Debug|Any CPU.Build.0 = Debug|Any CPU
		{5DE4CEAE-021B-4ED4-BD08-37386DF073BD}.Debug|ARM.ActiveCfg = Debug|Any CPU
		{5DE4CEAE-021B-4ED4-BD08-37386DF073BD}.Debug|ARM.Build.0 = Debug|Any CPU
		{5DE4CEAE-021B-4ED4-BD08-37386DF073BD}.Debug|iPhone.ActiveCfg = Debug|Any CPU
		{5DE4CEAE-021B-4ED4-BD08-37386DF073BD}.Debug|iPhone.Build.0 = Debug|Any CPU
		{5DE4CEAE-021B-4ED4-BD08-37386DF073BD}.Debug|iPhoneSimulator.ActiveCfg = Debug|Any CPU
		{5DE4CEAE-021B-4ED4-BD08-37386DF073BD}.Debug|iPhoneSimulator.Build.0 = Debug|Any CPU
		{5DE4CEAE-021B-4ED4-BD08-37386DF073BD}.Debug|x64.ActiveCfg = Debug|Any CPU
		{5DE4CEAE-021B-4ED4-BD08-37386DF073BD}.Debug|x64.Build.0 = Debug|Any CPU
		{5DE4CEAE-021B-4ED4-BD08-37386DF073BD}.Debug|x86.ActiveCfg = Debug|Any CPU
		{5DE4CEAE-021B-4ED4-BD08-37386DF073BD}.Debug|x86.Build.0 = Debug|Any CPU
		{5DE4CEAE-021B-4ED4-BD08-37386DF073BD}.Release|Any CPU.ActiveCfg = Release|Any CPU
		{5DE4CEAE-021B-4ED4-BD08-37386DF073BD}.Release|Any CPU.Build.0 = Release|Any CPU
		{5DE4CEAE-021B-4ED4-BD08-37386DF073BD}.Release|ARM.ActiveCfg = Release|Any CPU
		{5DE4CEAE-021B-4ED4-BD08-37386DF073BD}.Release|ARM.Build.0 = Release|Any CPU
		{5DE4CEAE-021B-4ED4-BD08-37386DF073BD}.Release|iPhone.ActiveCfg = Release|Any CPU
		{5DE4CEAE-021B-4ED4-BD08-37386DF073BD}.Release|iPhone.Build.0 = Release|Any CPU
		{5DE4CEAE-021B-4ED4-BD08-37386DF073BD}.Release|iPhoneSimulator.ActiveCfg = Release|Any CPU
		{5DE4CEAE-021B-4ED4-BD08-37386DF073BD}.Release|iPhoneSimulator.Build.0 = Release|Any CPU
		{5DE4CEAE-021B-4ED4-BD08-37386DF073BD}.Release|x64.ActiveCfg = Release|Any CPU
		{5DE4CEAE-021B-4ED4-BD08-37386DF073BD}.Release|x64.Build.0 = Release|Any CPU
		{5DE4CEAE-021B-4ED4-BD08-37386DF073BD}.Release|x86.ActiveCfg = Release|Any CPU
		{5DE4CEAE-021B-4ED4-BD08-37386DF073BD}.Release|x86.Build.0 = Release|Any CPU
		{56AE8BC5-E075-4322-99DC-CAF4E9CC64FE}.Ad-Hoc|Any CPU.ActiveCfg = Release|Any CPU
		{56AE8BC5-E075-4322-99DC-CAF4E9CC64FE}.Ad-Hoc|Any CPU.Build.0 = Release|Any CPU
		{56AE8BC5-E075-4322-99DC-CAF4E9CC64FE}.Ad-Hoc|Any CPU.Deploy.0 = Release|Any CPU
		{56AE8BC5-E075-4322-99DC-CAF4E9CC64FE}.Ad-Hoc|ARM.ActiveCfg = Release|Any CPU
		{56AE8BC5-E075-4322-99DC-CAF4E9CC64FE}.Ad-Hoc|ARM.Build.0 = Release|Any CPU
		{56AE8BC5-E075-4322-99DC-CAF4E9CC64FE}.Ad-Hoc|ARM.Deploy.0 = Release|Any CPU
		{56AE8BC5-E075-4322-99DC-CAF4E9CC64FE}.Ad-Hoc|iPhone.ActiveCfg = Release|Any CPU
		{56AE8BC5-E075-4322-99DC-CAF4E9CC64FE}.Ad-Hoc|iPhone.Build.0 = Release|Any CPU
		{56AE8BC5-E075-4322-99DC-CAF4E9CC64FE}.Ad-Hoc|iPhone.Deploy.0 = Release|Any CPU
		{56AE8BC5-E075-4322-99DC-CAF4E9CC64FE}.Ad-Hoc|iPhoneSimulator.ActiveCfg = Release|Any CPU
		{56AE8BC5-E075-4322-99DC-CAF4E9CC64FE}.Ad-Hoc|iPhoneSimulator.Build.0 = Release|Any CPU
		{56AE8BC5-E075-4322-99DC-CAF4E9CC64FE}.Ad-Hoc|iPhoneSimulator.Deploy.0 = Release|Any CPU
		{56AE8BC5-E075-4322-99DC-CAF4E9CC64FE}.Ad-Hoc|x64.ActiveCfg = Release|Any CPU
		{56AE8BC5-E075-4322-99DC-CAF4E9CC64FE}.Ad-Hoc|x64.Build.0 = Release|Any CPU
		{56AE8BC5-E075-4322-99DC-CAF4E9CC64FE}.Ad-Hoc|x64.Deploy.0 = Release|Any CPU
		{56AE8BC5-E075-4322-99DC-CAF4E9CC64FE}.Ad-Hoc|x86.ActiveCfg = Release|Any CPU
		{56AE8BC5-E075-4322-99DC-CAF4E9CC64FE}.Ad-Hoc|x86.Build.0 = Release|Any CPU
		{56AE8BC5-E075-4322-99DC-CAF4E9CC64FE}.Ad-Hoc|x86.Deploy.0 = Release|Any CPU
		{56AE8BC5-E075-4322-99DC-CAF4E9CC64FE}.AppStore|Any CPU.ActiveCfg = Release|Any CPU
		{56AE8BC5-E075-4322-99DC-CAF4E9CC64FE}.AppStore|Any CPU.Build.0 = Release|Any CPU
		{56AE8BC5-E075-4322-99DC-CAF4E9CC64FE}.AppStore|Any CPU.Deploy.0 = Release|Any CPU
		{56AE8BC5-E075-4322-99DC-CAF4E9CC64FE}.AppStore|ARM.ActiveCfg = Release|Any CPU
		{56AE8BC5-E075-4322-99DC-CAF4E9CC64FE}.AppStore|ARM.Build.0 = Release|Any CPU
		{56AE8BC5-E075-4322-99DC-CAF4E9CC64FE}.AppStore|ARM.Deploy.0 = Release|Any CPU
		{56AE8BC5-E075-4322-99DC-CAF4E9CC64FE}.AppStore|iPhone.ActiveCfg = Release|Any CPU
		{56AE8BC5-E075-4322-99DC-CAF4E9CC64FE}.AppStore|iPhone.Build.0 = Release|Any CPU
		{56AE8BC5-E075-4322-99DC-CAF4E9CC64FE}.AppStore|iPhone.Deploy.0 = Release|Any CPU
		{56AE8BC5-E075-4322-99DC-CAF4E9CC64FE}.AppStore|iPhoneSimulator.ActiveCfg = Release|Any CPU
		{56AE8BC5-E075-4322-99DC-CAF4E9CC64FE}.AppStore|iPhoneSimulator.Build.0 = Release|Any CPU
		{56AE8BC5-E075-4322-99DC-CAF4E9CC64FE}.AppStore|iPhoneSimulator.Deploy.0 = Release|Any CPU
		{56AE8BC5-E075-4322-99DC-CAF4E9CC64FE}.AppStore|x64.ActiveCfg = Release|Any CPU
		{56AE8BC5-E075-4322-99DC-CAF4E9CC64FE}.AppStore|x64.Build.0 = Release|Any CPU
		{56AE8BC5-E075-4322-99DC-CAF4E9CC64FE}.AppStore|x64.Deploy.0 = Release|Any CPU
		{56AE8BC5-E075-4322-99DC-CAF4E9CC64FE}.AppStore|x86.ActiveCfg = Release|Any CPU
		{56AE8BC5-E075-4322-99DC-CAF4E9CC64FE}.AppStore|x86.Build.0 = Release|Any CPU
		{56AE8BC5-E075-4322-99DC-CAF4E9CC64FE}.AppStore|x86.Deploy.0 = Release|Any CPU
		{56AE8BC5-E075-4322-99DC-CAF4E9CC64FE}.Debug|Any CPU.ActiveCfg = Debug|Any CPU
		{56AE8BC5-E075-4322-99DC-CAF4E9CC64FE}.Debug|Any CPU.Build.0 = Debug|Any CPU
		{56AE8BC5-E075-4322-99DC-CAF4E9CC64FE}.Debug|Any CPU.Deploy.0 = Debug|Any CPU
		{56AE8BC5-E075-4322-99DC-CAF4E9CC64FE}.Debug|ARM.ActiveCfg = Debug|Any CPU
		{56AE8BC5-E075-4322-99DC-CAF4E9CC64FE}.Debug|ARM.Build.0 = Debug|Any CPU
		{56AE8BC5-E075-4322-99DC-CAF4E9CC64FE}.Debug|ARM.Deploy.0 = Debug|Any CPU
		{56AE8BC5-E075-4322-99DC-CAF4E9CC64FE}.Debug|iPhone.ActiveCfg = Debug|Any CPU
		{56AE8BC5-E075-4322-99DC-CAF4E9CC64FE}.Debug|iPhone.Build.0 = Debug|Any CPU
		{56AE8BC5-E075-4322-99DC-CAF4E9CC64FE}.Debug|iPhone.Deploy.0 = Debug|Any CPU
		{56AE8BC5-E075-4322-99DC-CAF4E9CC64FE}.Debug|iPhoneSimulator.ActiveCfg = Debug|Any CPU
		{56AE8BC5-E075-4322-99DC-CAF4E9CC64FE}.Debug|iPhoneSimulator.Build.0 = Debug|Any CPU
		{56AE8BC5-E075-4322-99DC-CAF4E9CC64FE}.Debug|iPhoneSimulator.Deploy.0 = Debug|Any CPU
		{56AE8BC5-E075-4322-99DC-CAF4E9CC64FE}.Debug|x64.ActiveCfg = Debug|Any CPU
		{56AE8BC5-E075-4322-99DC-CAF4E9CC64FE}.Debug|x64.Build.0 = Debug|Any CPU
		{56AE8BC5-E075-4322-99DC-CAF4E9CC64FE}.Debug|x64.Deploy.0 = Debug|Any CPU
		{56AE8BC5-E075-4322-99DC-CAF4E9CC64FE}.Debug|x86.ActiveCfg = Debug|Any CPU
		{56AE8BC5-E075-4322-99DC-CAF4E9CC64FE}.Debug|x86.Build.0 = Debug|Any CPU
		{56AE8BC5-E075-4322-99DC-CAF4E9CC64FE}.Debug|x86.Deploy.0 = Debug|Any CPU
		{56AE8BC5-E075-4322-99DC-CAF4E9CC64FE}.Release|Any CPU.ActiveCfg = Release|Any CPU
		{56AE8BC5-E075-4322-99DC-CAF4E9CC64FE}.Release|Any CPU.Build.0 = Release|Any CPU
		{56AE8BC5-E075-4322-99DC-CAF4E9CC64FE}.Release|Any CPU.Deploy.0 = Release|Any CPU
		{56AE8BC5-E075-4322-99DC-CAF4E9CC64FE}.Release|ARM.ActiveCfg = Release|Any CPU
		{56AE8BC5-E075-4322-99DC-CAF4E9CC64FE}.Release|ARM.Build.0 = Release|Any CPU
		{56AE8BC5-E075-4322-99DC-CAF4E9CC64FE}.Release|ARM.Deploy.0 = Release|Any CPU
		{56AE8BC5-E075-4322-99DC-CAF4E9CC64FE}.Release|iPhone.ActiveCfg = Release|Any CPU
		{56AE8BC5-E075-4322-99DC-CAF4E9CC64FE}.Release|iPhone.Build.0 = Release|Any CPU
		{56AE8BC5-E075-4322-99DC-CAF4E9CC64FE}.Release|iPhone.Deploy.0 = Release|Any CPU
		{56AE8BC5-E075-4322-99DC-CAF4E9CC64FE}.Release|iPhoneSimulator.ActiveCfg = Release|Any CPU
		{56AE8BC5-E075-4322-99DC-CAF4E9CC64FE}.Release|iPhoneSimulator.Build.0 = Release|Any CPU
		{56AE8BC5-E075-4322-99DC-CAF4E9CC64FE}.Release|iPhoneSimulator.Deploy.0 = Release|Any CPU
		{56AE8BC5-E075-4322-99DC-CAF4E9CC64FE}.Release|x64.ActiveCfg = Release|Any CPU
		{56AE8BC5-E075-4322-99DC-CAF4E9CC64FE}.Release|x64.Build.0 = Release|Any CPU
		{56AE8BC5-E075-4322-99DC-CAF4E9CC64FE}.Release|x64.Deploy.0 = Release|Any CPU
		{56AE8BC5-E075-4322-99DC-CAF4E9CC64FE}.Release|x86.ActiveCfg = Release|Any CPU
		{56AE8BC5-E075-4322-99DC-CAF4E9CC64FE}.Release|x86.Build.0 = Release|Any CPU
		{56AE8BC5-E075-4322-99DC-CAF4E9CC64FE}.Release|x86.Deploy.0 = Release|Any CPU
		{B286A4CD-40C2-4211-BBAC-165CE47724E7}.Ad-Hoc|Any CPU.ActiveCfg = Ad-Hoc|iPhone
		{B286A4CD-40C2-4211-BBAC-165CE47724E7}.Ad-Hoc|ARM.ActiveCfg = Ad-Hoc|iPhone
		{B286A4CD-40C2-4211-BBAC-165CE47724E7}.Ad-Hoc|iPhone.ActiveCfg = Ad-Hoc|iPhone
		{B286A4CD-40C2-4211-BBAC-165CE47724E7}.Ad-Hoc|iPhone.Build.0 = Ad-Hoc|iPhone
		{B286A4CD-40C2-4211-BBAC-165CE47724E7}.Ad-Hoc|iPhoneSimulator.ActiveCfg = Ad-Hoc|iPhoneSimulator
		{B286A4CD-40C2-4211-BBAC-165CE47724E7}.Ad-Hoc|iPhoneSimulator.Build.0 = Ad-Hoc|iPhoneSimulator
		{B286A4CD-40C2-4211-BBAC-165CE47724E7}.Ad-Hoc|x64.ActiveCfg = Ad-Hoc|iPhone
		{B286A4CD-40C2-4211-BBAC-165CE47724E7}.Ad-Hoc|x86.ActiveCfg = Ad-Hoc|iPhone
		{B286A4CD-40C2-4211-BBAC-165CE47724E7}.AppStore|Any CPU.ActiveCfg = AppStore|iPhone
		{B286A4CD-40C2-4211-BBAC-165CE47724E7}.AppStore|ARM.ActiveCfg = AppStore|iPhone
		{B286A4CD-40C2-4211-BBAC-165CE47724E7}.AppStore|iPhone.ActiveCfg = AppStore|iPhone
		{B286A4CD-40C2-4211-BBAC-165CE47724E7}.AppStore|iPhone.Build.0 = AppStore|iPhone
		{B286A4CD-40C2-4211-BBAC-165CE47724E7}.AppStore|iPhoneSimulator.ActiveCfg = AppStore|iPhoneSimulator
		{B286A4CD-40C2-4211-BBAC-165CE47724E7}.AppStore|iPhoneSimulator.Build.0 = AppStore|iPhoneSimulator
		{B286A4CD-40C2-4211-BBAC-165CE47724E7}.AppStore|x64.ActiveCfg = AppStore|iPhone
		{B286A4CD-40C2-4211-BBAC-165CE47724E7}.AppStore|x86.ActiveCfg = AppStore|iPhone
		{B286A4CD-40C2-4211-BBAC-165CE47724E7}.Debug|Any CPU.ActiveCfg = Debug|iPhone
		{B286A4CD-40C2-4211-BBAC-165CE47724E7}.Debug|ARM.ActiveCfg = Debug|iPhone
		{B286A4CD-40C2-4211-BBAC-165CE47724E7}.Debug|iPhone.ActiveCfg = Debug|iPhone
		{B286A4CD-40C2-4211-BBAC-165CE47724E7}.Debug|iPhone.Build.0 = Debug|iPhone
		{B286A4CD-40C2-4211-BBAC-165CE47724E7}.Debug|iPhoneSimulator.ActiveCfg = Debug|iPhoneSimulator
		{B286A4CD-40C2-4211-BBAC-165CE47724E7}.Debug|iPhoneSimulator.Build.0 = Debug|iPhoneSimulator
		{B286A4CD-40C2-4211-BBAC-165CE47724E7}.Debug|x64.ActiveCfg = Debug|iPhone
		{B286A4CD-40C2-4211-BBAC-165CE47724E7}.Debug|x86.ActiveCfg = Debug|iPhone
		{B286A4CD-40C2-4211-BBAC-165CE47724E7}.Release|Any CPU.ActiveCfg = Release|iPhone
		{B286A4CD-40C2-4211-BBAC-165CE47724E7}.Release|ARM.ActiveCfg = Release|iPhone
		{B286A4CD-40C2-4211-BBAC-165CE47724E7}.Release|iPhone.ActiveCfg = Release|iPhone
		{B286A4CD-40C2-4211-BBAC-165CE47724E7}.Release|iPhone.Build.0 = Release|iPhone
		{B286A4CD-40C2-4211-BBAC-165CE47724E7}.Release|iPhoneSimulator.ActiveCfg = Release|iPhoneSimulator
		{B286A4CD-40C2-4211-BBAC-165CE47724E7}.Release|iPhoneSimulator.Build.0 = Release|iPhoneSimulator
		{B286A4CD-40C2-4211-BBAC-165CE47724E7}.Release|x64.ActiveCfg = Release|iPhone
		{B286A4CD-40C2-4211-BBAC-165CE47724E7}.Release|x86.ActiveCfg = Release|iPhone
		{92F0D62F-3EAF-46D4-B4D0-455DE236A23F}.Ad-Hoc|Any CPU.ActiveCfg = Release|Any CPU
		{92F0D62F-3EAF-46D4-B4D0-455DE236A23F}.Ad-Hoc|Any CPU.Build.0 = Release|Any CPU
		{92F0D62F-3EAF-46D4-B4D0-455DE236A23F}.Ad-Hoc|Any CPU.Deploy.0 = Release|Any CPU
		{92F0D62F-3EAF-46D4-B4D0-455DE236A23F}.Ad-Hoc|ARM.ActiveCfg = Release|ARM
		{92F0D62F-3EAF-46D4-B4D0-455DE236A23F}.Ad-Hoc|ARM.Build.0 = Release|ARM
		{92F0D62F-3EAF-46D4-B4D0-455DE236A23F}.Ad-Hoc|ARM.Deploy.0 = Release|ARM
		{92F0D62F-3EAF-46D4-B4D0-455DE236A23F}.Ad-Hoc|iPhone.ActiveCfg = Release|Any CPU
		{92F0D62F-3EAF-46D4-B4D0-455DE236A23F}.Ad-Hoc|iPhone.Build.0 = Release|Any CPU
		{92F0D62F-3EAF-46D4-B4D0-455DE236A23F}.Ad-Hoc|iPhone.Deploy.0 = Release|Any CPU
		{92F0D62F-3EAF-46D4-B4D0-455DE236A23F}.Ad-Hoc|iPhoneSimulator.ActiveCfg = Release|Any CPU
		{92F0D62F-3EAF-46D4-B4D0-455DE236A23F}.Ad-Hoc|iPhoneSimulator.Build.0 = Release|Any CPU
		{92F0D62F-3EAF-46D4-B4D0-455DE236A23F}.Ad-Hoc|iPhoneSimulator.Deploy.0 = Release|Any CPU
		{92F0D62F-3EAF-46D4-B4D0-455DE236A23F}.Ad-Hoc|x64.ActiveCfg = Release|Any CPU
		{92F0D62F-3EAF-46D4-B4D0-455DE236A23F}.Ad-Hoc|x64.Build.0 = Release|Any CPU
		{92F0D62F-3EAF-46D4-B4D0-455DE236A23F}.Ad-Hoc|x64.Deploy.0 = Release|Any CPU
		{92F0D62F-3EAF-46D4-B4D0-455DE236A23F}.Ad-Hoc|x86.ActiveCfg = Release|x86
		{92F0D62F-3EAF-46D4-B4D0-455DE236A23F}.Ad-Hoc|x86.Build.0 = Release|x86
		{92F0D62F-3EAF-46D4-B4D0-455DE236A23F}.Ad-Hoc|x86.Deploy.0 = Release|x86
		{92F0D62F-3EAF-46D4-B4D0-455DE236A23F}.AppStore|Any CPU.ActiveCfg = Release|Any CPU
		{92F0D62F-3EAF-46D4-B4D0-455DE236A23F}.AppStore|Any CPU.Build.0 = Release|Any CPU
		{92F0D62F-3EAF-46D4-B4D0-455DE236A23F}.AppStore|Any CPU.Deploy.0 = Release|Any CPU
		{92F0D62F-3EAF-46D4-B4D0-455DE236A23F}.AppStore|ARM.ActiveCfg = Release|ARM
		{92F0D62F-3EAF-46D4-B4D0-455DE236A23F}.AppStore|ARM.Build.0 = Release|ARM
		{92F0D62F-3EAF-46D4-B4D0-455DE236A23F}.AppStore|ARM.Deploy.0 = Release|ARM
		{92F0D62F-3EAF-46D4-B4D0-455DE236A23F}.AppStore|iPhone.ActiveCfg = Release|Any CPU
		{92F0D62F-3EAF-46D4-B4D0-455DE236A23F}.AppStore|iPhone.Build.0 = Release|Any CPU
		{92F0D62F-3EAF-46D4-B4D0-455DE236A23F}.AppStore|iPhone.Deploy.0 = Release|Any CPU
		{92F0D62F-3EAF-46D4-B4D0-455DE236A23F}.AppStore|iPhoneSimulator.ActiveCfg = Release|Any CPU
		{92F0D62F-3EAF-46D4-B4D0-455DE236A23F}.AppStore|iPhoneSimulator.Build.0 = Release|Any CPU
		{92F0D62F-3EAF-46D4-B4D0-455DE236A23F}.AppStore|iPhoneSimulator.Deploy.0 = Release|Any CPU
		{92F0D62F-3EAF-46D4-B4D0-455DE236A23F}.AppStore|x64.ActiveCfg = Release|Any CPU
		{92F0D62F-3EAF-46D4-B4D0-455DE236A23F}.AppStore|x64.Build.0 = Release|Any CPU
		{92F0D62F-3EAF-46D4-B4D0-455DE236A23F}.AppStore|x64.Deploy.0 = Release|Any CPU
		{92F0D62F-3EAF-46D4-B4D0-455DE236A23F}.AppStore|x86.ActiveCfg = Release|x86
		{92F0D62F-3EAF-46D4-B4D0-455DE236A23F}.AppStore|x86.Build.0 = Release|x86
		{92F0D62F-3EAF-46D4-B4D0-455DE236A23F}.AppStore|x86.Deploy.0 = Release|x86
		{92F0D62F-3EAF-46D4-B4D0-455DE236A23F}.Debug|Any CPU.ActiveCfg = Debug|Any CPU
		{92F0D62F-3EAF-46D4-B4D0-455DE236A23F}.Debug|Any CPU.Build.0 = Debug|Any CPU
		{92F0D62F-3EAF-46D4-B4D0-455DE236A23F}.Debug|Any CPU.Deploy.0 = Debug|Any CPU
		{92F0D62F-3EAF-46D4-B4D0-455DE236A23F}.Debug|ARM.ActiveCfg = Debug|ARM
		{92F0D62F-3EAF-46D4-B4D0-455DE236A23F}.Debug|ARM.Build.0 = Debug|ARM
		{92F0D62F-3EAF-46D4-B4D0-455DE236A23F}.Debug|ARM.Deploy.0 = Debug|ARM
		{92F0D62F-3EAF-46D4-B4D0-455DE236A23F}.Debug|iPhone.ActiveCfg = Debug|Any CPU
		{92F0D62F-3EAF-46D4-B4D0-455DE236A23F}.Debug|iPhone.Build.0 = Debug|Any CPU
		{92F0D62F-3EAF-46D4-B4D0-455DE236A23F}.Debug|iPhone.Deploy.0 = Debug|Any CPU
		{92F0D62F-3EAF-46D4-B4D0-455DE236A23F}.Debug|iPhoneSimulator.ActiveCfg = Debug|Any CPU
		{92F0D62F-3EAF-46D4-B4D0-455DE236A23F}.Debug|iPhoneSimulator.Build.0 = Debug|Any CPU
		{92F0D62F-3EAF-46D4-B4D0-455DE236A23F}.Debug|iPhoneSimulator.Deploy.0 = Debug|Any CPU
		{92F0D62F-3EAF-46D4-B4D0-455DE236A23F}.Debug|x64.ActiveCfg = Debug|Any CPU
		{92F0D62F-3EAF-46D4-B4D0-455DE236A23F}.Debug|x64.Build.0 = Debug|Any CPU
		{92F0D62F-3EAF-46D4-B4D0-455DE236A23F}.Debug|x64.Deploy.0 = Debug|Any CPU
		{92F0D62F-3EAF-46D4-B4D0-455DE236A23F}.Debug|x86.ActiveCfg = Debug|x86
		{92F0D62F-3EAF-46D4-B4D0-455DE236A23F}.Debug|x86.Build.0 = Debug|x86
		{92F0D62F-3EAF-46D4-B4D0-455DE236A23F}.Debug|x86.Deploy.0 = Debug|x86
		{92F0D62F-3EAF-46D4-B4D0-455DE236A23F}.Release|Any CPU.ActiveCfg = Release|Any CPU
		{92F0D62F-3EAF-46D4-B4D0-455DE236A23F}.Release|Any CPU.Build.0 = Release|Any CPU
		{92F0D62F-3EAF-46D4-B4D0-455DE236A23F}.Release|Any CPU.Deploy.0 = Release|Any CPU
		{92F0D62F-3EAF-46D4-B4D0-455DE236A23F}.Release|ARM.ActiveCfg = Release|ARM
		{92F0D62F-3EAF-46D4-B4D0-455DE236A23F}.Release|ARM.Build.0 = Release|ARM
		{92F0D62F-3EAF-46D4-B4D0-455DE236A23F}.Release|ARM.Deploy.0 = Release|ARM
		{92F0D62F-3EAF-46D4-B4D0-455DE236A23F}.Release|iPhone.ActiveCfg = Release|Any CPU
		{92F0D62F-3EAF-46D4-B4D0-455DE236A23F}.Release|iPhone.Build.0 = Release|Any CPU
		{92F0D62F-3EAF-46D4-B4D0-455DE236A23F}.Release|iPhone.Deploy.0 = Release|Any CPU
		{92F0D62F-3EAF-46D4-B4D0-455DE236A23F}.Release|iPhoneSimulator.ActiveCfg = Release|Any CPU
		{92F0D62F-3EAF-46D4-B4D0-455DE236A23F}.Release|iPhoneSimulator.Build.0 = Release|Any CPU
		{92F0D62F-3EAF-46D4-B4D0-455DE236A23F}.Release|iPhoneSimulator.Deploy.0 = Release|Any CPU
		{92F0D62F-3EAF-46D4-B4D0-455DE236A23F}.Release|x64.ActiveCfg = Release|Any CPU
		{92F0D62F-3EAF-46D4-B4D0-455DE236A23F}.Release|x64.Build.0 = Release|Any CPU
		{92F0D62F-3EAF-46D4-B4D0-455DE236A23F}.Release|x64.Deploy.0 = Release|Any CPU
		{92F0D62F-3EAF-46D4-B4D0-455DE236A23F}.Release|x86.ActiveCfg = Release|x86
		{92F0D62F-3EAF-46D4-B4D0-455DE236A23F}.Release|x86.Build.0 = Release|x86
		{92F0D62F-3EAF-46D4-B4D0-455DE236A23F}.Release|x86.Deploy.0 = Release|x86
		{3115B7AA-7E74-4016-B3C5-ECB0925B6DCD}.Ad-Hoc|Any CPU.ActiveCfg = Release|x86
		{3115B7AA-7E74-4016-B3C5-ECB0925B6DCD}.Ad-Hoc|Any CPU.Build.0 = Release|x86
		{3115B7AA-7E74-4016-B3C5-ECB0925B6DCD}.Ad-Hoc|Any CPU.Deploy.0 = Release|x86
		{3115B7AA-7E74-4016-B3C5-ECB0925B6DCD}.Ad-Hoc|ARM.ActiveCfg = Release|ARM
		{3115B7AA-7E74-4016-B3C5-ECB0925B6DCD}.Ad-Hoc|ARM.Build.0 = Release|ARM
		{3115B7AA-7E74-4016-B3C5-ECB0925B6DCD}.Ad-Hoc|ARM.Deploy.0 = Release|ARM
		{3115B7AA-7E74-4016-B3C5-ECB0925B6DCD}.Ad-Hoc|iPhone.ActiveCfg = Release|x86
		{3115B7AA-7E74-4016-B3C5-ECB0925B6DCD}.Ad-Hoc|iPhone.Build.0 = Release|x86
		{3115B7AA-7E74-4016-B3C5-ECB0925B6DCD}.Ad-Hoc|iPhone.Deploy.0 = Release|x86
		{3115B7AA-7E74-4016-B3C5-ECB0925B6DCD}.Ad-Hoc|iPhoneSimulator.ActiveCfg = Release|x86
		{3115B7AA-7E74-4016-B3C5-ECB0925B6DCD}.Ad-Hoc|iPhoneSimulator.Build.0 = Release|x86
		{3115B7AA-7E74-4016-B3C5-ECB0925B6DCD}.Ad-Hoc|iPhoneSimulator.Deploy.0 = Release|x86
		{3115B7AA-7E74-4016-B3C5-ECB0925B6DCD}.Ad-Hoc|x64.ActiveCfg = Release|x64
		{3115B7AA-7E74-4016-B3C5-ECB0925B6DCD}.Ad-Hoc|x64.Build.0 = Release|x64
		{3115B7AA-7E74-4016-B3C5-ECB0925B6DCD}.Ad-Hoc|x64.Deploy.0 = Release|x64
		{3115B7AA-7E74-4016-B3C5-ECB0925B6DCD}.Ad-Hoc|x86.ActiveCfg = Release|x86
		{3115B7AA-7E74-4016-B3C5-ECB0925B6DCD}.Ad-Hoc|x86.Build.0 = Release|x86
		{3115B7AA-7E74-4016-B3C5-ECB0925B6DCD}.Ad-Hoc|x86.Deploy.0 = Release|x86
		{3115B7AA-7E74-4016-B3C5-ECB0925B6DCD}.AppStore|Any CPU.ActiveCfg = Release|x86
		{3115B7AA-7E74-4016-B3C5-ECB0925B6DCD}.AppStore|Any CPU.Build.0 = Release|x86
		{3115B7AA-7E74-4016-B3C5-ECB0925B6DCD}.AppStore|Any CPU.Deploy.0 = Release|x86
		{3115B7AA-7E74-4016-B3C5-ECB0925B6DCD}.AppStore|ARM.ActiveCfg = Release|ARM
		{3115B7AA-7E74-4016-B3C5-ECB0925B6DCD}.AppStore|ARM.Build.0 = Release|ARM
		{3115B7AA-7E74-4016-B3C5-ECB0925B6DCD}.AppStore|ARM.Deploy.0 = Release|ARM
		{3115B7AA-7E74-4016-B3C5-ECB0925B6DCD}.AppStore|iPhone.ActiveCfg = Release|x86
		{3115B7AA-7E74-4016-B3C5-ECB0925B6DCD}.AppStore|iPhone.Build.0 = Release|x86
		{3115B7AA-7E74-4016-B3C5-ECB0925B6DCD}.AppStore|iPhone.Deploy.0 = Release|x86
		{3115B7AA-7E74-4016-B3C5-ECB0925B6DCD}.AppStore|iPhoneSimulator.ActiveCfg = Release|x86
		{3115B7AA-7E74-4016-B3C5-ECB0925B6DCD}.AppStore|iPhoneSimulator.Build.0 = Release|x86
		{3115B7AA-7E74-4016-B3C5-ECB0925B6DCD}.AppStore|iPhoneSimulator.Deploy.0 = Release|x86
		{3115B7AA-7E74-4016-B3C5-ECB0925B6DCD}.AppStore|x64.ActiveCfg = Release|x64
		{3115B7AA-7E74-4016-B3C5-ECB0925B6DCD}.AppStore|x64.Build.0 = Release|x64
		{3115B7AA-7E74-4016-B3C5-ECB0925B6DCD}.AppStore|x64.Deploy.0 = Release|x64
		{3115B7AA-7E74-4016-B3C5-ECB0925B6DCD}.AppStore|x86.ActiveCfg = Release|x86
		{3115B7AA-7E74-4016-B3C5-ECB0925B6DCD}.AppStore|x86.Build.0 = Release|x86
		{3115B7AA-7E74-4016-B3C5-ECB0925B6DCD}.AppStore|x86.Deploy.0 = Release|x86
		{3115B7AA-7E74-4016-B3C5-ECB0925B6DCD}.Debug|Any CPU.ActiveCfg = Debug|x86
		{3115B7AA-7E74-4016-B3C5-ECB0925B6DCD}.Debug|ARM.ActiveCfg = Debug|ARM
		{3115B7AA-7E74-4016-B3C5-ECB0925B6DCD}.Debug|ARM.Build.0 = Debug|ARM
		{3115B7AA-7E74-4016-B3C5-ECB0925B6DCD}.Debug|ARM.Deploy.0 = Debug|ARM
		{3115B7AA-7E74-4016-B3C5-ECB0925B6DCD}.Debug|iPhone.ActiveCfg = Debug|x86
		{3115B7AA-7E74-4016-B3C5-ECB0925B6DCD}.Debug|iPhoneSimulator.ActiveCfg = Debug|x86
		{3115B7AA-7E74-4016-B3C5-ECB0925B6DCD}.Debug|x64.ActiveCfg = Debug|x64
		{3115B7AA-7E74-4016-B3C5-ECB0925B6DCD}.Debug|x64.Build.0 = Debug|x64
		{3115B7AA-7E74-4016-B3C5-ECB0925B6DCD}.Debug|x64.Deploy.0 = Debug|x64
		{3115B7AA-7E74-4016-B3C5-ECB0925B6DCD}.Debug|x86.ActiveCfg = Debug|x86
		{3115B7AA-7E74-4016-B3C5-ECB0925B6DCD}.Debug|x86.Build.0 = Debug|x86
		{3115B7AA-7E74-4016-B3C5-ECB0925B6DCD}.Debug|x86.Deploy.0 = Debug|x86
		{3115B7AA-7E74-4016-B3C5-ECB0925B6DCD}.Release|Any CPU.ActiveCfg = Release|x86
		{3115B7AA-7E74-4016-B3C5-ECB0925B6DCD}.Release|ARM.ActiveCfg = Release|ARM
		{3115B7AA-7E74-4016-B3C5-ECB0925B6DCD}.Release|ARM.Build.0 = Release|ARM
		{3115B7AA-7E74-4016-B3C5-ECB0925B6DCD}.Release|ARM.Deploy.0 = Release|ARM
		{3115B7AA-7E74-4016-B3C5-ECB0925B6DCD}.Release|iPhone.ActiveCfg = Release|x86
		{3115B7AA-7E74-4016-B3C5-ECB0925B6DCD}.Release|iPhoneSimulator.ActiveCfg = Release|x86
		{3115B7AA-7E74-4016-B3C5-ECB0925B6DCD}.Release|x64.ActiveCfg = Release|x64
		{3115B7AA-7E74-4016-B3C5-ECB0925B6DCD}.Release|x64.Build.0 = Release|x64
		{3115B7AA-7E74-4016-B3C5-ECB0925B6DCD}.Release|x64.Deploy.0 = Release|x64
		{3115B7AA-7E74-4016-B3C5-ECB0925B6DCD}.Release|x86.ActiveCfg = Release|x86
		{3115B7AA-7E74-4016-B3C5-ECB0925B6DCD}.Release|x86.Build.0 = Release|x86
		{3115B7AA-7E74-4016-B3C5-ECB0925B6DCD}.Release|x86.Deploy.0 = Release|x86
		{755BF697-AC13-4D64-94EB-F3010BDCA711}.Ad-Hoc|Any CPU.ActiveCfg = Release|Any CPU
		{755BF697-AC13-4D64-94EB-F3010BDCA711}.Ad-Hoc|Any CPU.Build.0 = Release|Any CPU
		{755BF697-AC13-4D64-94EB-F3010BDCA711}.Ad-Hoc|Any CPU.Deploy.0 = Release|Any CPU
		{755BF697-AC13-4D64-94EB-F3010BDCA711}.Ad-Hoc|ARM.ActiveCfg = Release|ARM
		{755BF697-AC13-4D64-94EB-F3010BDCA711}.Ad-Hoc|ARM.Build.0 = Release|ARM
		{755BF697-AC13-4D64-94EB-F3010BDCA711}.Ad-Hoc|ARM.Deploy.0 = Release|ARM
		{755BF697-AC13-4D64-94EB-F3010BDCA711}.Ad-Hoc|iPhone.ActiveCfg = Release|Any CPU
		{755BF697-AC13-4D64-94EB-F3010BDCA711}.Ad-Hoc|iPhone.Build.0 = Release|Any CPU
		{755BF697-AC13-4D64-94EB-F3010BDCA711}.Ad-Hoc|iPhone.Deploy.0 = Release|Any CPU
		{755BF697-AC13-4D64-94EB-F3010BDCA711}.Ad-Hoc|iPhoneSimulator.ActiveCfg = Release|Any CPU
		{755BF697-AC13-4D64-94EB-F3010BDCA711}.Ad-Hoc|iPhoneSimulator.Build.0 = Release|Any CPU
		{755BF697-AC13-4D64-94EB-F3010BDCA711}.Ad-Hoc|iPhoneSimulator.Deploy.0 = Release|Any CPU
		{755BF697-AC13-4D64-94EB-F3010BDCA711}.Ad-Hoc|x64.ActiveCfg = Release|x64
		{755BF697-AC13-4D64-94EB-F3010BDCA711}.Ad-Hoc|x64.Build.0 = Release|x64
		{755BF697-AC13-4D64-94EB-F3010BDCA711}.Ad-Hoc|x64.Deploy.0 = Release|x64
		{755BF697-AC13-4D64-94EB-F3010BDCA711}.Ad-Hoc|x86.ActiveCfg = Release|x86
		{755BF697-AC13-4D64-94EB-F3010BDCA711}.Ad-Hoc|x86.Build.0 = Release|x86
		{755BF697-AC13-4D64-94EB-F3010BDCA711}.Ad-Hoc|x86.Deploy.0 = Release|x86
		{755BF697-AC13-4D64-94EB-F3010BDCA711}.AppStore|Any CPU.ActiveCfg = Release|Any CPU
		{755BF697-AC13-4D64-94EB-F3010BDCA711}.AppStore|Any CPU.Build.0 = Release|Any CPU
		{755BF697-AC13-4D64-94EB-F3010BDCA711}.AppStore|Any CPU.Deploy.0 = Release|Any CPU
		{755BF697-AC13-4D64-94EB-F3010BDCA711}.AppStore|ARM.ActiveCfg = Release|ARM
		{755BF697-AC13-4D64-94EB-F3010BDCA711}.AppStore|ARM.Build.0 = Release|ARM
		{755BF697-AC13-4D64-94EB-F3010BDCA711}.AppStore|ARM.Deploy.0 = Release|ARM
		{755BF697-AC13-4D64-94EB-F3010BDCA711}.AppStore|iPhone.ActiveCfg = Release|Any CPU
		{755BF697-AC13-4D64-94EB-F3010BDCA711}.AppStore|iPhone.Build.0 = Release|Any CPU
		{755BF697-AC13-4D64-94EB-F3010BDCA711}.AppStore|iPhone.Deploy.0 = Release|Any CPU
		{755BF697-AC13-4D64-94EB-F3010BDCA711}.AppStore|iPhoneSimulator.ActiveCfg = Release|Any CPU
		{755BF697-AC13-4D64-94EB-F3010BDCA711}.AppStore|iPhoneSimulator.Build.0 = Release|Any CPU
		{755BF697-AC13-4D64-94EB-F3010BDCA711}.AppStore|iPhoneSimulator.Deploy.0 = Release|Any CPU
		{755BF697-AC13-4D64-94EB-F3010BDCA711}.AppStore|x64.ActiveCfg = Release|x64
		{755BF697-AC13-4D64-94EB-F3010BDCA711}.AppStore|x64.Build.0 = Release|x64
		{755BF697-AC13-4D64-94EB-F3010BDCA711}.AppStore|x64.Deploy.0 = Release|x64
		{755BF697-AC13-4D64-94EB-F3010BDCA711}.AppStore|x86.ActiveCfg = Release|x86
		{755BF697-AC13-4D64-94EB-F3010BDCA711}.AppStore|x86.Build.0 = Release|x86
		{755BF697-AC13-4D64-94EB-F3010BDCA711}.AppStore|x86.Deploy.0 = Release|x86
		{755BF697-AC13-4D64-94EB-F3010BDCA711}.Debug|Any CPU.ActiveCfg = Debug|Any CPU
		{755BF697-AC13-4D64-94EB-F3010BDCA711}.Debug|Any CPU.Build.0 = Debug|Any CPU
		{755BF697-AC13-4D64-94EB-F3010BDCA711}.Debug|Any CPU.Deploy.0 = Debug|Any CPU
		{755BF697-AC13-4D64-94EB-F3010BDCA711}.Debug|ARM.ActiveCfg = Debug|ARM
		{755BF697-AC13-4D64-94EB-F3010BDCA711}.Debug|ARM.Build.0 = Debug|ARM
		{755BF697-AC13-4D64-94EB-F3010BDCA711}.Debug|ARM.Deploy.0 = Debug|ARM
		{755BF697-AC13-4D64-94EB-F3010BDCA711}.Debug|iPhone.ActiveCfg = Debug|Any CPU
		{755BF697-AC13-4D64-94EB-F3010BDCA711}.Debug|iPhone.Build.0 = Debug|Any CPU
		{755BF697-AC13-4D64-94EB-F3010BDCA711}.Debug|iPhone.Deploy.0 = Debug|Any CPU
		{755BF697-AC13-4D64-94EB-F3010BDCA711}.Debug|iPhoneSimulator.ActiveCfg = Debug|Any CPU
		{755BF697-AC13-4D64-94EB-F3010BDCA711}.Debug|iPhoneSimulator.Build.0 = Debug|Any CPU
		{755BF697-AC13-4D64-94EB-F3010BDCA711}.Debug|iPhoneSimulator.Deploy.0 = Debug|Any CPU
		{755BF697-AC13-4D64-94EB-F3010BDCA711}.Debug|x64.ActiveCfg = Debug|x64
		{755BF697-AC13-4D64-94EB-F3010BDCA711}.Debug|x64.Build.0 = Debug|x64
		{755BF697-AC13-4D64-94EB-F3010BDCA711}.Debug|x64.Deploy.0 = Debug|x64
		{755BF697-AC13-4D64-94EB-F3010BDCA711}.Debug|x86.ActiveCfg = Debug|x86
		{755BF697-AC13-4D64-94EB-F3010BDCA711}.Debug|x86.Build.0 = Debug|x86
		{755BF697-AC13-4D64-94EB-F3010BDCA711}.Debug|x86.Deploy.0 = Debug|x86
		{755BF697-AC13-4D64-94EB-F3010BDCA711}.Release|Any CPU.ActiveCfg = Release|Any CPU
		{755BF697-AC13-4D64-94EB-F3010BDCA711}.Release|Any CPU.Build.0 = Release|Any CPU
		{755BF697-AC13-4D64-94EB-F3010BDCA711}.Release|Any CPU.Deploy.0 = Release|Any CPU
		{755BF697-AC13-4D64-94EB-F3010BDCA711}.Release|ARM.ActiveCfg = Release|ARM
		{755BF697-AC13-4D64-94EB-F3010BDCA711}.Release|ARM.Build.0 = Release|ARM
		{755BF697-AC13-4D64-94EB-F3010BDCA711}.Release|ARM.Deploy.0 = Release|ARM
		{755BF697-AC13-4D64-94EB-F3010BDCA711}.Release|iPhone.ActiveCfg = Release|Any CPU
		{755BF697-AC13-4D64-94EB-F3010BDCA711}.Release|iPhone.Build.0 = Release|Any CPU
		{755BF697-AC13-4D64-94EB-F3010BDCA711}.Release|iPhone.Deploy.0 = Release|Any CPU
		{755BF697-AC13-4D64-94EB-F3010BDCA711}.Release|iPhoneSimulator.ActiveCfg = Release|Any CPU
		{755BF697-AC13-4D64-94EB-F3010BDCA711}.Release|iPhoneSimulator.Build.0 = Release|Any CPU
		{755BF697-AC13-4D64-94EB-F3010BDCA711}.Release|iPhoneSimulator.Deploy.0 = Release|Any CPU
		{755BF697-AC13-4D64-94EB-F3010BDCA711}.Release|x64.ActiveCfg = Release|x64
		{755BF697-AC13-4D64-94EB-F3010BDCA711}.Release|x64.Build.0 = Release|x64
		{755BF697-AC13-4D64-94EB-F3010BDCA711}.Release|x64.Deploy.0 = Release|x64
		{755BF697-AC13-4D64-94EB-F3010BDCA711}.Release|x86.ActiveCfg = Release|x86
		{755BF697-AC13-4D64-94EB-F3010BDCA711}.Release|x86.Build.0 = Release|x86
		{755BF697-AC13-4D64-94EB-F3010BDCA711}.Release|x86.Deploy.0 = Release|x86
	EndGlobalSection
	GlobalSection(SolutionProperties) = preSolution
		HideSolutionNode = FALSE
	EndGlobalSection
EndGlobal
